// !$*UTF8*$!
{
	archiveVersion = 1;
	classes = {
	};
	objectVersion = 56;
	objects = {

/* Begin PBXBuildFile section */
		801D42B629E648E100B2A8B7 /* info.plist in Resources */ = {isa = PBXBuildFile; fileRef = 801D42B529E648E100B2A8B7 /* info.plist */; };
		801D42B929E6520C00B2A8B7 /* FacebookAEM in Frameworks */ = {isa = PBXBuildFile; productRef = 801D42B829E6520C00B2A8B7 /* FacebookAEM */; };
		801D42BB29E6520C00B2A8B7 /* FacebookBasics in Frameworks */ = {isa = PBXBuildFile; productRef = 801D42BA29E6520C00B2A8B7 /* FacebookBasics */; };
		801D42BD29E6520C00B2A8B7 /* FacebookCore in Frameworks */ = {isa = PBXBuildFile; productRef = 801D42BC29E6520C00B2A8B7 /* FacebookCore */; };
		801D42BF29E6520C00B2A8B7 /* FacebookLogin in Frameworks */ = {isa = PBXBuildFile; productRef = 801D42BE29E6520C00B2A8B7 /* FacebookLogin */; };
		801D42C129E6520C00B2A8B7 /* FacebookShare in Frameworks */ = {isa = PBXBuildFile; productRef = 801D42C029E6520C00B2A8B7 /* FacebookShare */; };
		801D42C429E777AE00B2A8B7 /* FbViewController.swift in Sources */ = {isa = PBXBuildFile; fileRef = 801D42C329E777AE00B2A8B7 /* FbViewController.swift */; };
		801D42C529E777AE00B2A8B7 /* FbViewController.swift in Sources */ = {isa = PBXBuildFile; fileRef = 801D42C329E777AE00B2A8B7 /* FbViewController.swift */; };
		801D42C629E777AE00B2A8B7 /* FbViewController.swift in Sources */ = {isa = PBXBuildFile; fileRef = 801D42C329E777AE00B2A8B7 /* FbViewController.swift */; };
		801DD98029DD148F0040B494 /* App.swift in Sources */ = {isa = PBXBuildFile; fileRef = 801DD97F29DD148F0040B494 /* App.swift */; };
		802F744029D6921200189415 /* LoginView.swift in Sources */ = {isa = PBXBuildFile; fileRef = 802F743F29D6921200189415 /* LoginView.swift */; };
		802F744629D6921200189415 /* ArtoNova.xcdatamodeld in Sources */ = {isa = PBXBuildFile; fileRef = 802F744429D6921200189415 /* ArtoNova.xcdatamodeld */; };
		802F744829D6921400189415 /* Assets.xcassets in Resources */ = {isa = PBXBuildFile; fileRef = 802F744729D6921400189415 /* Assets.xcassets */; };
		802F744B29D6921400189415 /* LaunchScreen.storyboard in Resources */ = {isa = PBXBuildFile; fileRef = 802F744929D6921400189415 /* LaunchScreen.storyboard */; };
		802F745629D6921400189415 /* ArtoNovaTests.swift in Sources */ = {isa = PBXBuildFile; fileRef = 802F745529D6921400189415 /* ArtoNovaTests.swift */; };
		802F746029D6921400189415 /* ArtoNovaUITests.swift in Sources */ = {isa = PBXBuildFile; fileRef = 802F745F29D6921400189415 /* ArtoNovaUITests.swift */; };
		802F746229D6921400189415 /* ArtoNovaUITestsLaunchTests.swift in Sources */ = {isa = PBXBuildFile; fileRef = 802F746129D6921400189415 /* ArtoNovaUITestsLaunchTests.swift */; };
/* End PBXBuildFile section */

/* Begin PBXContainerItemProxy section */
		802F745229D6921400189415 /* PBXContainerItemProxy */ = {
			isa = PBXContainerItemProxy;
			containerPortal = 802F743029D6921200189415 /* Project object */;
			proxyType = 1;
			remoteGlobalIDString = 802F743729D6921200189415;
			remoteInfo = ArtoNova;
		};
		802F745C29D6921400189415 /* PBXContainerItemProxy */ = {
			isa = PBXContainerItemProxy;
			containerPortal = 802F743029D6921200189415 /* Project object */;
			proxyType = 1;
			remoteGlobalIDString = 802F743729D6921200189415;
			remoteInfo = ArtoNova;
		};
/* End PBXContainerItemProxy section */

/* Begin PBXFileReference section */
		801D42B529E648E100B2A8B7 /* info.plist */ = {isa = PBXFileReference; fileEncoding = 4; lastKnownFileType = text.plist.xml; path = info.plist; sourceTree = "<group>"; };
		801D42C229E6553700B2A8B7 /* ArtoNova.entitlements */ = {isa = PBXFileReference; lastKnownFileType = text.plist.entitlements; path = ArtoNova.entitlements; sourceTree = "<group>"; };
		801D42C329E777AE00B2A8B7 /* FbViewController.swift */ = {isa = PBXFileReference; lastKnownFileType = sourcecode.swift; path = FbViewController.swift; sourceTree = "<group>"; };
		801DD97F29DD148F0040B494 /* App.swift */ = {isa = PBXFileReference; lastKnownFileType = sourcecode.swift; path = App.swift; sourceTree = "<group>"; };
		802F743829D6921200189415 /* ArtoNova.app */ = {isa = PBXFileReference; explicitFileType = wrapper.application; includeInIndex = 0; path = ArtoNova.app; sourceTree = BUILT_PRODUCTS_DIR; };
		802F743F29D6921200189415 /* LoginView.swift */ = {isa = PBXFileReference; lastKnownFileType = sourcecode.swift; path = LoginView.swift; sourceTree = "<group>"; };
		802F744529D6921200189415 /* ArtoNova.xcdatamodel */ = {isa = PBXFileReference; lastKnownFileType = wrapper.xcdatamodel; path = ArtoNova.xcdatamodel; sourceTree = "<group>"; };
		802F744729D6921400189415 /* Assets.xcassets */ = {isa = PBXFileReference; lastKnownFileType = folder.assetcatalog; path = Assets.xcassets; sourceTree = "<group>"; };
		802F744A29D6921400189415 /* Base */ = {isa = PBXFileReference; lastKnownFileType = file.storyboard; name = Base; path = Base.lproj/LaunchScreen.storyboard; sourceTree = "<group>"; };
		802F745129D6921400189415 /* ArtoNovaTests.xctest */ = {isa = PBXFileReference; explicitFileType = wrapper.cfbundle; includeInIndex = 0; path = ArtoNovaTests.xctest; sourceTree = BUILT_PRODUCTS_DIR; };
		802F745529D6921400189415 /* ArtoNovaTests.swift */ = {isa = PBXFileReference; lastKnownFileType = sourcecode.swift; path = ArtoNovaTests.swift; sourceTree = "<group>"; };
		802F745B29D6921400189415 /* ArtoNovaUITests.xctest */ = {isa = PBXFileReference; explicitFileType = wrapper.cfbundle; includeInIndex = 0; path = ArtoNovaUITests.xctest; sourceTree = BUILT_PRODUCTS_DIR; };
		802F745F29D6921400189415 /* ArtoNovaUITests.swift */ = {isa = PBXFileReference; lastKnownFileType = sourcecode.swift; path = ArtoNovaUITests.swift; sourceTree = "<group>"; };
		802F746129D6921400189415 /* ArtoNovaUITestsLaunchTests.swift */ = {isa = PBXFileReference; lastKnownFileType = sourcecode.swift; path = ArtoNovaUITestsLaunchTests.swift; sourceTree = "<group>"; };
/* End PBXFileReference section */

/* Begin PBXFrameworksBuildPhase section */
		802F743529D6921200189415 /* Frameworks */ = {
			isa = PBXFrameworksBuildPhase;
			buildActionMask = 2147483647;
			files = (
				801D42BF29E6520C00B2A8B7 /* FacebookLogin in Frameworks */,
				801D42B929E6520C00B2A8B7 /* FacebookAEM in Frameworks */,
				801D42BD29E6520C00B2A8B7 /* FacebookCore in Frameworks */,
				801D42C129E6520C00B2A8B7 /* FacebookShare in Frameworks */,
				801D42BB29E6520C00B2A8B7 /* FacebookBasics in Frameworks */,
			);
			runOnlyForDeploymentPostprocessing = 0;
		};
		802F744E29D6921400189415 /* Frameworks */ = {
			isa = PBXFrameworksBuildPhase;
			buildActionMask = 2147483647;
			files = (
			);
			runOnlyForDeploymentPostprocessing = 0;
		};
		802F745829D6921400189415 /* Frameworks */ = {
			isa = PBXFrameworksBuildPhase;
			buildActionMask = 2147483647;
			files = (
			);
			runOnlyForDeploymentPostprocessing = 0;
		};
/* End PBXFrameworksBuildPhase section */

/* Begin PBXGroup section */
		802F742F29D6921200189415 = {
			isa = PBXGroup;
			children = (
				802F743A29D6921200189415 /* ArtoNova */,
				802F745429D6921400189415 /* ArtoNovaTests */,
				802F745E29D6921400189415 /* ArtoNovaUITests */,
				802F743929D6921200189415 /* Products */,
			);
			sourceTree = "<group>";
		};
		802F743929D6921200189415 /* Products */ = {
			isa = PBXGroup;
			children = (
				802F743829D6921200189415 /* ArtoNova.app */,
				802F745129D6921400189415 /* ArtoNovaTests.xctest */,
				802F745B29D6921400189415 /* ArtoNovaUITests.xctest */,
			);
			name = Products;
			sourceTree = "<group>";
		};
		802F743A29D6921200189415 /* ArtoNova */ = {
			isa = PBXGroup;
			children = (
				801D42C229E6553700B2A8B7 /* ArtoNova.entitlements */,
				801D42B529E648E100B2A8B7 /* info.plist */,
				802F743F29D6921200189415 /* LoginView.swift */,
				802F744729D6921400189415 /* Assets.xcassets */,
				802F744929D6921400189415 /* LaunchScreen.storyboard */,
				802F744429D6921200189415 /* ArtoNova.xcdatamodeld */,
				801DD97F29DD148F0040B494 /* App.swift */,
				801D42C329E777AE00B2A8B7 /* FbViewController.swift */,
			);
			path = ArtoNova;
			sourceTree = "<group>";
		};
		802F745429D6921400189415 /* ArtoNovaTests */ = {
			isa = PBXGroup;
			children = (
				802F745529D6921400189415 /* ArtoNovaTests.swift */,
			);
			path = ArtoNovaTests;
			sourceTree = "<group>";
		};
		802F745E29D6921400189415 /* ArtoNovaUITests */ = {
			isa = PBXGroup;
			children = (
				802F745F29D6921400189415 /* ArtoNovaUITests.swift */,
				802F746129D6921400189415 /* ArtoNovaUITestsLaunchTests.swift */,
			);
			path = ArtoNovaUITests;
			sourceTree = "<group>";
		};
/* End PBXGroup section */

/* Begin PBXNativeTarget section */
		802F743729D6921200189415 /* ArtoNova */ = {
			isa = PBXNativeTarget;
			buildConfigurationList = 802F746529D6921400189415 /* Build configuration list for PBXNativeTarget "ArtoNova" */;
			buildPhases = (
				802F743429D6921200189415 /* Sources */,
				802F743529D6921200189415 /* Frameworks */,
				802F743629D6921200189415 /* Resources */,
			);
			buildRules = (
			);
			dependencies = (
			);
			name = ArtoNova;
			packageProductDependencies = (
				801D42B829E6520C00B2A8B7 /* FacebookAEM */,
				801D42BA29E6520C00B2A8B7 /* FacebookBasics */,
				801D42BC29E6520C00B2A8B7 /* FacebookCore */,
				801D42BE29E6520C00B2A8B7 /* FacebookLogin */,
				801D42C029E6520C00B2A8B7 /* FacebookShare */,
			);
			productName = ArtoNova;
			productReference = 802F743829D6921200189415 /* ArtoNova.app */;
			productType = "com.apple.product-type.application";
		};
		802F745029D6921400189415 /* ArtoNovaTests */ = {
			isa = PBXNativeTarget;
			buildConfigurationList = 802F746829D6921400189415 /* Build configuration list for PBXNativeTarget "ArtoNovaTests" */;
			buildPhases = (
				802F744D29D6921400189415 /* Sources */,
				802F744E29D6921400189415 /* Frameworks */,
				802F744F29D6921400189415 /* Resources */,
			);
			buildRules = (
			);
			dependencies = (
				802F745329D6921400189415 /* PBXTargetDependency */,
			);
			name = ArtoNovaTests;
			productName = ArtoNovaTests;
			productReference = 802F745129D6921400189415 /* ArtoNovaTests.xctest */;
			productType = "com.apple.product-type.bundle.unit-test";
		};
		802F745A29D6921400189415 /* ArtoNovaUITests */ = {
			isa = PBXNativeTarget;
			buildConfigurationList = 802F746B29D6921400189415 /* Build configuration list for PBXNativeTarget "ArtoNovaUITests" */;
			buildPhases = (
				802F745729D6921400189415 /* Sources */,
				802F745829D6921400189415 /* Frameworks */,
				802F745929D6921400189415 /* Resources */,
			);
			buildRules = (
			);
			dependencies = (
				802F745D29D6921400189415 /* PBXTargetDependency */,
			);
			name = ArtoNovaUITests;
			productName = ArtoNovaUITests;
			productReference = 802F745B29D6921400189415 /* ArtoNovaUITests.xctest */;
			productType = "com.apple.product-type.bundle.ui-testing";
		};
/* End PBXNativeTarget section */

/* Begin PBXProject section */
		802F743029D6921200189415 /* Project object */ = {
			isa = PBXProject;
			attributes = {
				BuildIndependentTargetsInParallel = 1;
				LastSwiftUpdateCheck = 1420;
				LastUpgradeCheck = 1420;
				TargetAttributes = {
					802F743729D6921200189415 = {
						CreatedOnToolsVersion = 14.2;
					};
					802F745029D6921400189415 = {
						CreatedOnToolsVersion = 14.2;
						TestTargetID = 802F743729D6921200189415;
					};
					802F745A29D6921400189415 = {
						CreatedOnToolsVersion = 14.2;
						TestTargetID = 802F743729D6921200189415;
					};
				};
			};
			buildConfigurationList = 802F743329D6921200189415 /* Build configuration list for PBXProject "ArtoNova" */;
			compatibilityVersion = "Xcode 14.0";
			developmentRegion = en;
			hasScannedForEncodings = 0;
			knownRegions = (
				en,
				Base,
			);
			mainGroup = 802F742F29D6921200189415;
			packageReferences = (
				801D42B729E6520C00B2A8B7 /* XCRemoteSwiftPackageReference "facebook-ios-sdk" */,
			);
			productRefGroup = 802F743929D6921200189415 /* Products */;
			projectDirPath = "";
			projectRoot = "";
			targets = (
				802F743729D6921200189415 /* ArtoNova */,
				802F745029D6921400189415 /* ArtoNovaTests */,
				802F745A29D6921400189415 /* ArtoNovaUITests */,
			);
		};
/* End PBXProject section */

/* Begin PBXResourcesBuildPhase section */
		802F743629D6921200189415 /* Resources */ = {
			isa = PBXResourcesBuildPhase;
			buildActionMask = 2147483647;
			files = (
				802F744B29D6921400189415 /* LaunchScreen.storyboard in Resources */,
				802F744829D6921400189415 /* Assets.xcassets in Resources */,
				801D42B629E648E100B2A8B7 /* info.plist in Resources */,
			);
			runOnlyForDeploymentPostprocessing = 0;
		};
		802F744F29D6921400189415 /* Resources */ = {
			isa = PBXResourcesBuildPhase;
			buildActionMask = 2147483647;
			files = (
			);
			runOnlyForDeploymentPostprocessing = 0;
		};
		802F745929D6921400189415 /* Resources */ = {
			isa = PBXResourcesBuildPhase;
			buildActionMask = 2147483647;
			files = (
			);
			runOnlyForDeploymentPostprocessing = 0;
		};
/* End PBXResourcesBuildPhase section */

/* Begin PBXSourcesBuildPhase section */
		802F743429D6921200189415 /* Sources */ = {
			isa = PBXSourcesBuildPhase;
			buildActionMask = 2147483647;
			files = (
				801D42C429E777AE00B2A8B7 /* FbViewController.swift in Sources */,
				802F744029D6921200189415 /* LoginView.swift in Sources */,
				801DD98029DD148F0040B494 /* App.swift in Sources */,
				802F744629D6921200189415 /* ArtoNova.xcdatamodeld in Sources */,
			);
			runOnlyForDeploymentPostprocessing = 0;
		};
		802F744D29D6921400189415 /* Sources */ = {
			isa = PBXSourcesBuildPhase;
			buildActionMask = 2147483647;
			files = (
				801D42C529E777AE00B2A8B7 /* FbViewController.swift in Sources */,
				802F745629D6921400189415 /* ArtoNovaTests.swift in Sources */,
			);
			runOnlyForDeploymentPostprocessing = 0;
		};
		802F745729D6921400189415 /* Sources */ = {
			isa = PBXSourcesBuildPhase;
			buildActionMask = 2147483647;
			files = (
				802F746229D6921400189415 /* ArtoNovaUITestsLaunchTests.swift in Sources */,
				801D42C629E777AE00B2A8B7 /* FbViewController.swift in Sources */,
				802F746029D6921400189415 /* ArtoNovaUITests.swift in Sources */,
			);
			runOnlyForDeploymentPostprocessing = 0;
		};
/* End PBXSourcesBuildPhase section */

/* Begin PBXTargetDependency section */
		802F745329D6921400189415 /* PBXTargetDependency */ = {
			isa = PBXTargetDependency;
			target = 802F743729D6921200189415 /* ArtoNova */;
			targetProxy = 802F745229D6921400189415 /* PBXContainerItemProxy */;
		};
		802F745D29D6921400189415 /* PBXTargetDependency */ = {
			isa = PBXTargetDependency;
			target = 802F743729D6921200189415 /* ArtoNova */;
			targetProxy = 802F745C29D6921400189415 /* PBXContainerItemProxy */;
		};
/* End PBXTargetDependency section */

/* Begin PBXVariantGroup section */
		802F744929D6921400189415 /* LaunchScreen.storyboard */ = {
			isa = PBXVariantGroup;
			children = (
				802F744A29D6921400189415 /* Base */,
			);
			name = LaunchScreen.storyboard;
			sourceTree = "<group>";
		};
/* End PBXVariantGroup section */

/* Begin XCBuildConfiguration section */
		802F746329D6921400189415 /* Debug */ = {
			isa = XCBuildConfiguration;
			buildSettings = {
				ALWAYS_SEARCH_USER_PATHS = NO;
				CLANG_ANALYZER_NONNULL = YES;
				CLANG_ANALYZER_NUMBER_OBJECT_CONVERSION = YES_AGGRESSIVE;
				CLANG_CXX_LANGUAGE_STANDARD = "gnu++20";
				CLANG_ENABLE_MODULES = YES;
				CLANG_ENABLE_OBJC_ARC = YES;
				CLANG_ENABLE_OBJC_WEAK = YES;
				CLANG_WARN_BLOCK_CAPTURE_AUTORELEASING = YES;
				CLANG_WARN_BOOL_CONVERSION = YES;
				CLANG_WARN_COMMA = YES;
				CLANG_WARN_CONSTANT_CONVERSION = YES;
				CLANG_WARN_DEPRECATED_OBJC_IMPLEMENTATIONS = YES;
				CLANG_WARN_DIRECT_OBJC_ISA_USAGE = YES_ERROR;
				CLANG_WARN_DOCUMENTATION_COMMENTS = YES;
				CLANG_WARN_EMPTY_BODY = YES;
				CLANG_WARN_ENUM_CONVERSION = YES;
				CLANG_WARN_INFINITE_RECURSION = YES;
				CLANG_WARN_INT_CONVERSION = YES;
				CLANG_WARN_NON_LITERAL_NULL_CONVERSION = YES;
				CLANG_WARN_OBJC_IMPLICIT_RETAIN_SELF = YES;
				CLANG_WARN_OBJC_LITERAL_CONVERSION = YES;
				CLANG_WARN_OBJC_ROOT_CLASS = YES_ERROR;
				CLANG_WARN_QUOTED_INCLUDE_IN_FRAMEWORK_HEADER = YES;
				CLANG_WARN_RANGE_LOOP_ANALYSIS = YES;
				CLANG_WARN_STRICT_PROTOTYPES = YES;
				CLANG_WARN_SUSPICIOUS_MOVE = YES;
				CLANG_WARN_UNGUARDED_AVAILABILITY = YES_AGGRESSIVE;
				CLANG_WARN_UNREACHABLE_CODE = YES;
				CLANG_WARN__DUPLICATE_METHOD_MATCH = YES;
				COPY_PHASE_STRIP = NO;
				DEBUG_INFORMATION_FORMAT = dwarf;
				ENABLE_STRICT_OBJC_MSGSEND = YES;
				ENABLE_TESTABILITY = YES;
				GCC_C_LANGUAGE_STANDARD = gnu11;
				GCC_DYNAMIC_NO_PIC = NO;
				GCC_NO_COMMON_BLOCKS = YES;
				GCC_OPTIMIZATION_LEVEL = 0;
				GCC_PREPROCESSOR_DEFINITIONS = (
					"DEBUG=1",
					"$(inherited)",
				);
				GCC_WARN_64_TO_32_BIT_CONVERSION = YES;
				GCC_WARN_ABOUT_RETURN_TYPE = YES_ERROR;
				GCC_WARN_UNDECLARED_SELECTOR = YES;
				GCC_WARN_UNINITIALIZED_AUTOS = YES_AGGRESSIVE;
				GCC_WARN_UNUSED_FUNCTION = YES;
				GCC_WARN_UNUSED_VARIABLE = YES;
				IPHONEOS_DEPLOYMENT_TARGET = 16.2;
				MTL_ENABLE_DEBUG_INFO = INCLUDE_SOURCE;
				MTL_FAST_MATH = YES;
				ONLY_ACTIVE_ARCH = YES;
				SDKROOT = iphoneos;
				SWIFT_ACTIVE_COMPILATION_CONDITIONS = DEBUG;
				SWIFT_OPTIMIZATION_LEVEL = "-Onone";
			};
			name = Debug;
		};
		802F746429D6921400189415 /* Release */ = {
			isa = XCBuildConfiguration;
			buildSettings = {
				ALWAYS_SEARCH_USER_PATHS = NO;
				CLANG_ANALYZER_NONNULL = YES;
				CLANG_ANALYZER_NUMBER_OBJECT_CONVERSION = YES_AGGRESSIVE;
				CLANG_CXX_LANGUAGE_STANDARD = "gnu++20";
				CLANG_ENABLE_MODULES = YES;
				CLANG_ENABLE_OBJC_ARC = YES;
				CLANG_ENABLE_OBJC_WEAK = YES;
				CLANG_WARN_BLOCK_CAPTURE_AUTORELEASING = YES;
				CLANG_WARN_BOOL_CONVERSION = YES;
				CLANG_WARN_COMMA = YES;
				CLANG_WARN_CONSTANT_CONVERSION = YES;
				CLANG_WARN_DEPRECATED_OBJC_IMPLEMENTATIONS = YES;
				CLANG_WARN_DIRECT_OBJC_ISA_USAGE = YES_ERROR;
				CLANG_WARN_DOCUMENTATION_COMMENTS = YES;
				CLANG_WARN_EMPTY_BODY = YES;
				CLANG_WARN_ENUM_CONVERSION = YES;
				CLANG_WARN_INFINITE_RECURSION = YES;
				CLANG_WARN_INT_CONVERSION = YES;
				CLANG_WARN_NON_LITERAL_NULL_CONVERSION = YES;
				CLANG_WARN_OBJC_IMPLICIT_RETAIN_SELF = YES;
				CLANG_WARN_OBJC_LITERAL_CONVERSION = YES;
				CLANG_WARN_OBJC_ROOT_CLASS = YES_ERROR;
				CLANG_WARN_QUOTED_INCLUDE_IN_FRAMEWORK_HEADER = YES;
				CLANG_WARN_RANGE_LOOP_ANALYSIS = YES;
				CLANG_WARN_STRICT_PROTOTYPES = YES;
				CLANG_WARN_SUSPICIOUS_MOVE = YES;
				CLANG_WARN_UNGUARDED_AVAILABILITY = YES_AGGRESSIVE;
				CLANG_WARN_UNREACHABLE_CODE = YES;
				CLANG_WARN__DUPLICATE_METHOD_MATCH = YES;
				COPY_PHASE_STRIP = NO;
				DEBUG_INFORMATION_FORMAT = "dwarf-with-dsym";
				ENABLE_NS_ASSERTIONS = NO;
				ENABLE_STRICT_OBJC_MSGSEND = YES;
				GCC_C_LANGUAGE_STANDARD = gnu11;
				GCC_NO_COMMON_BLOCKS = YES;
				GCC_WARN_64_TO_32_BIT_CONVERSION = YES;
				GCC_WARN_ABOUT_RETURN_TYPE = YES_ERROR;
				GCC_WARN_UNDECLARED_SELECTOR = YES;
				GCC_WARN_UNINITIALIZED_AUTOS = YES_AGGRESSIVE;
				GCC_WARN_UNUSED_FUNCTION = YES;
				GCC_WARN_UNUSED_VARIABLE = YES;
				IPHONEOS_DEPLOYMENT_TARGET = 16.2;
				MTL_ENABLE_DEBUG_INFO = NO;
				MTL_FAST_MATH = YES;
				SDKROOT = iphoneos;
				SWIFT_COMPILATION_MODE = wholemodule;
				SWIFT_OPTIMIZATION_LEVEL = "-O";
				VALIDATE_PRODUCT = YES;
			};
			name = Release;
		};
		802F746629D6921400189415 /* Debug */ = {
			isa = XCBuildConfiguration;
			buildSettings = {
				ASSETCATALOG_COMPILER_APPICON_NAME = AppIcon;
				ASSETCATALOG_COMPILER_GLOBAL_ACCENT_COLOR_NAME = AccentColor;
				CODE_SIGN_ENTITLEMENTS = ArtoNova/ArtoNova.entitlements;
				CODE_SIGN_STYLE = Automatic;
				CURRENT_PROJECT_VERSION = 1;
				DEVELOPMENT_TEAM = 99N49DABXQ;
				GENERATE_INFOPLIST_FILE = YES;
				INFOPLIST_FILE = ArtoNova/Info.plist;
				INFOPLIST_KEY_LSApplicationCategoryType = "public.app-category.utilities";
				INFOPLIST_KEY_NSLocationUsageDescription = "heading for example SwiftUI code";
				INFOPLIST_KEY_NSLocationWhenInUseUsageDescription = "heading for example SwiftUI code";
				INFOPLIST_KEY_UIApplicationSupportsIndirectInputEvents = YES;
				INFOPLIST_KEY_UILaunchStoryboardName = LaunchScreen;
				INFOPLIST_KEY_UIRequiredDeviceCapabilities = armv7;
				INFOPLIST_KEY_UISupportedInterfaceOrientations = "UIInterfaceOrientationPortrait UIInterfaceOrientationLandscapeLeft UIInterfaceOrientationLandscapeRight";
				INFOPLIST_KEY_UISupportedInterfaceOrientations_iPad = "UIInterfaceOrientationPortrait UIInterfaceOrientationPortraitUpsideDown UIInterfaceOrientationLandscapeLeft UIInterfaceOrientationLandscapeRight";
				INFOPLIST_KEY_UISupportedInterfaceOrientations_iPhone = "UIInterfaceOrientationPortrait UIInterfaceOrientationLandscapeLeft UIInterfaceOrientationLandscapeRight";
				LD_RUNPATH_SEARCH_PATHS = (
					"$(inherited)",
					"@executable_path/Frameworks",
				);
				MARKETING_VERSION = 1.0;
				PRODUCT_BUNDLE_IDENTIFIER = com.augustomtz.ArtoNova;
				PRODUCT_NAME = "$(TARGET_NAME)";
				SWIFT_EMIT_LOC_STRINGS = YES;
				SWIFT_VERSION = 5.0;
				TARGETED_DEVICE_FAMILY = "1,2";
			};
			name = Debug;
		};
		802F746729D6921400189415 /* Release */ = {
			isa = XCBuildConfiguration;
			buildSettings = {
				ASSETCATALOG_COMPILER_APPICON_NAME = AppIcon;
				ASSETCATALOG_COMPILER_GLOBAL_ACCENT_COLOR_NAME = AccentColor;
				CODE_SIGN_ENTITLEMENTS = ArtoNova/ArtoNova.entitlements;
				CODE_SIGN_STYLE = Automatic;
				CURRENT_PROJECT_VERSION = 1;
				DEVELOPMENT_TEAM = 99N49DABXQ;
				GENERATE_INFOPLIST_FILE = YES;
				INFOPLIST_FILE = ArtoNova/Info.plist;
				INFOPLIST_KEY_LSApplicationCategoryType = "public.app-category.utilities";
				INFOPLIST_KEY_NSLocationUsageDescription = "heading for example SwiftUI code";
				INFOPLIST_KEY_NSLocationWhenInUseUsageDescription = "heading for example SwiftUI code";
				INFOPLIST_KEY_UIApplicationSupportsIndirectInputEvents = YES;
				INFOPLIST_KEY_UILaunchStoryboardName = LaunchScreen;
				INFOPLIST_KEY_UIRequiredDeviceCapabilities = armv7;
				INFOPLIST_KEY_UISupportedInterfaceOrientations = "UIInterfaceOrientationPortrait UIInterfaceOrientationLandscapeLeft UIInterfaceOrientationLandscapeRight";
				INFOPLIST_KEY_UISupportedInterfaceOrientations_iPad = "UIInterfaceOrientationPortrait UIInterfaceOrientationPortraitUpsideDown UIInterfaceOrientationLandscapeLeft UIInterfaceOrientationLandscapeRight";
				INFOPLIST_KEY_UISupportedInterfaceOrientations_iPhone = "UIInterfaceOrientationPortrait UIInterfaceOrientationLandscapeLeft UIInterfaceOrientationLandscapeRight";
				LD_RUNPATH_SEARCH_PATHS = (
					"$(inherited)",
					"@executable_path/Frameworks",
				);
				MARKETING_VERSION = 1.0;
				PRODUCT_BUNDLE_IDENTIFIER = com.augustomtz.ArtoNova;
				PRODUCT_NAME = "$(TARGET_NAME)";
				SWIFT_EMIT_LOC_STRINGS = YES;
				SWIFT_VERSION = 5.0;
				TARGETED_DEVICE_FAMILY = "1,2";
			};
			name = Release;
		};
		802F746929D6921400189415 /* Debug */ = {
			isa = XCBuildConfiguration;
			buildSettings = {
				ALWAYS_EMBED_SWIFT_STANDARD_LIBRARIES = YES;
				BUNDLE_LOADER = "$(TEST_HOST)";
				CODE_SIGN_STYLE = Automatic;
				CURRENT_PROJECT_VERSION = 1;
				DEVELOPMENT_TEAM = 99N49DABXQ;
				GENERATE_INFOPLIST_FILE = YES;
				IPHONEOS_DEPLOYMENT_TARGET = 16.2;
				MARKETING_VERSION = 1.0;
				PRODUCT_BUNDLE_IDENTIFIER = com.augustomtz.ArtoNovaTests;
				PRODUCT_NAME = "$(TARGET_NAME)";
				SWIFT_EMIT_LOC_STRINGS = NO;
				SWIFT_VERSION = 5.0;
				TARGETED_DEVICE_FAMILY = "1,2";
				TEST_HOST = "$(BUILT_PRODUCTS_DIR)/ArtoNova.app/$(BUNDLE_EXECUTABLE_FOLDER_PATH)/ArtoNova";
			};
			name = Debug;
		};
		802F746A29D6921400189415 /* Release */ = {
			isa = XCBuildConfiguration;
			buildSettings = {
				ALWAYS_EMBED_SWIFT_STANDARD_LIBRARIES = YES;
				BUNDLE_LOADER = "$(TEST_HOST)";
				CODE_SIGN_STYLE = Automatic;
				CURRENT_PROJECT_VERSION = 1;
				DEVELOPMENT_TEAM = 99N49DABXQ;
				GENERATE_INFOPLIST_FILE = YES;
				IPHONEOS_DEPLOYMENT_TARGET = 16.2;
				MARKETING_VERSION = 1.0;
				PRODUCT_BUNDLE_IDENTIFIER = com.augustomtz.ArtoNovaTests;
				PRODUCT_NAME = "$(TARGET_NAME)";
				SWIFT_EMIT_LOC_STRINGS = NO;
				SWIFT_VERSION = 5.0;
				TARGETED_DEVICE_FAMILY = "1,2";
				TEST_HOST = "$(BUILT_PRODUCTS_DIR)/ArtoNova.app/$(BUNDLE_EXECUTABLE_FOLDER_PATH)/ArtoNova";
			};
			name = Release;
		};
		802F746C29D6921400189415 /* Debug */ = {
			isa = XCBuildConfiguration;
			buildSettings = {
				ALWAYS_EMBED_SWIFT_STANDARD_LIBRARIES = YES;
				CODE_SIGN_STYLE = Automatic;
				CURRENT_PROJECT_VERSION = 1;
				DEVELOPMENT_TEAM = 99N49DABXQ;
				GENERATE_INFOPLIST_FILE = YES;
				MARKETING_VERSION = 1.0;
				PRODUCT_BUNDLE_IDENTIFIER = com.augustomtz.ArtoNovaUITests;
				PRODUCT_NAME = "$(TARGET_NAME)";
				SWIFT_EMIT_LOC_STRINGS = NO;
				SWIFT_VERSION = 5.0;
				TARGETED_DEVICE_FAMILY = "1,2";
				TEST_TARGET_NAME = ArtoNova;
			};
			name = Debug;
		};
		802F746D29D6921400189415 /* Release */ = {
			isa = XCBuildConfiguration;
			buildSettings = {
				ALWAYS_EMBED_SWIFT_STANDARD_LIBRARIES = YES;
				CODE_SIGN_STYLE = Automatic;
				CURRENT_PROJECT_VERSION = 1;
				DEVELOPMENT_TEAM = 99N49DABXQ;
				GENERATE_INFOPLIST_FILE = YES;
				MARKETING_VERSION = 1.0;
				PRODUCT_BUNDLE_IDENTIFIER = com.augustomtz.ArtoNovaUITests;
				PRODUCT_NAME = "$(TARGET_NAME)";
				SWIFT_EMIT_LOC_STRINGS = NO;
				SWIFT_VERSION = 5.0;
				TARGETED_DEVICE_FAMILY = "1,2";
				TEST_TARGET_NAME = ArtoNova;
			};
			name = Release;
		};
/* End XCBuildConfiguration section */

/* Begin XCConfigurationList section */
		802F743329D6921200189415 /* Build configuration list for PBXProject "ArtoNova" */ = {
			isa = XCConfigurationList;
			buildConfigurations = (
				802F746329D6921400189415 /* Debug */,
				802F746429D6921400189415 /* Release */,
			);
			defaultConfigurationIsVisible = 0;
			defaultConfigurationName = Release;
		};
		802F746529D6921400189415 /* Build configuration list for PBXNativeTarget "ArtoNova" */ = {
			isa = XCConfigurationList;
			buildConfigurations = (
				802F746629D6921400189415 /* Debug */,
				802F746729D6921400189415 /* Release */,
			);
			defaultConfigurationIsVisible = 0;
			defaultConfigurationName = Release;
		};
		802F746829D6921400189415 /* Build configuration list for PBXNativeTarget "ArtoNovaTests" */ = {
			isa = XCConfigurationList;
			buildConfigurations = (
				802F746929D6921400189415 /* Debug */,
				802F746A29D6921400189415 /* Release */,
			);
			defaultConfigurationIsVisible = 0;
			defaultConfigurationName = Release;
		};
		802F746B29D6921400189415 /* Build configuration list for PBXNativeTarget "ArtoNovaUITests" */ = {
			isa = XCConfigurationList;
			buildConfigurations = (
				802F746C29D6921400189415 /* Debug */,
				802F746D29D6921400189415 /* Release */,
			);
			defaultConfigurationIsVisible = 0;
			defaultConfigurationName = Release;
		};
/* End XCConfigurationList section */

/* Begin XCRemoteSwiftPackageReference section */
		801D42B729E6520C00B2A8B7 /* XCRemoteSwiftPackageReference "facebook-ios-sdk" */ = {
			isa = XCRemoteSwiftPackageReference;
			repositoryURL = "https://github.com/facebook/facebook-ios-sdk.git";
			requirement = {
				kind = upToNextMajorVersion;
				minimumVersion = 14.0.0;
			};
		};
/* End XCRemoteSwiftPackageReference section */

/* Begin XCSwiftPackageProductDependency section */
		801D42B829E6520C00B2A8B7 /* FacebookAEM */ = {
			isa = XCSwiftPackageProductDependency;
			package = 801D42B729E6520C00B2A8B7 /* XCRemoteSwiftPackageReference "facebook-ios-sdk" */;
			productName = FacebookAEM;
		};
		801D42BA29E6520C00B2A8B7 /* FacebookBasics */ = {
			isa = XCSwiftPackageProductDependency;
			package = 801D42B729E6520C00B2A8B7 /* XCRemoteSwiftPackageReference "facebook-ios-sdk" */;
			productName = FacebookBasics;
		};
		801D42BC29E6520C00B2A8B7 /* FacebookCore */ = {
			isa = XCSwiftPackageProductDependency;
			package = 801D42B729E6520C00B2A8B7 /* XCRemoteSwiftPackageReference "facebook-ios-sdk" */;
			productName = FacebookCore;
		};
		801D42BE29E6520C00B2A8B7 /* FacebookLogin */ = {
			isa = XCSwiftPackageProductDependency;
			package = 801D42B729E6520C00B2A8B7 /* XCRemoteSwiftPackageReference "facebook-ios-sdk" */;
			productName = FacebookLogin;
		};
		801D42C029E6520C00B2A8B7 /* FacebookShare */ = {
			isa = XCSwiftPackageProductDependency;
			package = 801D42B729E6520C00B2A8B7 /* XCRemoteSwiftPackageReference "facebook-ios-sdk" */;
			productName = FacebookShare;
		};
/* End XCSwiftPackageProductDependency section */

/* Begin XCVersionGroup section */
		802F744429D6921200189415 /* ArtoNova.xcdatamodeld */ = {
			isa = XCVersionGroup;
			children = (
				802F744529D6921200189415 /* ArtoNova.xcdatamodel */,
			);
			currentVersion = 802F744529D6921200189415 /* ArtoNova.xcdatamodel */;
			path = ArtoNova.xcdatamodeld;
			sourceTree = "<group>";
			versionGroupType = wrapper.xcdatamodel;
		};
/* End XCVersionGroup section */
	};
	rootObject = 802F743029D6921200189415 /* Project object */;
}
